{
  "requires": true,
  "lockfileVersion": 1,
  "dependencies": {
    "react-hook-form": {
      "version": "6.3.0",
      "resolved": "https://registry.npmjs.org/react-hook-form/-/react-hook-form-6.3.0.tgz",
      "integrity": "sha512-Xz7xxnILftxttc6H+miTSi2eYPehiW3XdsPaqY5dW8HcURFZPrnpxnmaRqz6JtZcbfRM8qjjppP/pOBaUzhn4w=="
    }
  }
}
